Microsoft Visual Studio Solution File, Format Version 12.00
# Visual Studio Version 16
VisualStudioVersion = 16.0.28721.148
MinimumVisualStudioVersion = 15.0.26124.0
Project("{9A19103F-16F7-4668-BE54-9A1E7A4F7556}") = "Cookie", "Cookie\Cookie.csproj", "{A4246041-CD72-48FD-A42B-1F9267080ABD}"
EndProject
Project("{9A19103F-16F7-4668-BE54-9A1E7A4F7556}") = "OpenId", "OpenId\OpenId.csproj", "{FAEEFACC-BFBD-48F9-BCF4-5A16B0EBF439}"
EndProject
Project("{9A19103F-16F7-4668-BE54-9A1E7A4F7556}") = "Authorization", "Authorization\Authorization.csproj", "{FABE639B-AFEE-4453-A809-6D2C9D1CCA17}"
EndProject
Project("{9A19103F-16F7-4668-BE54-9A1E7A4F7556}") = "DataProtection", "DataProtection\DataProtection.csproj", "{BF265A38-C930-4352-BD37-85E016F52EE7}"
EndProject
Project("{FAE04EC0-301F-11D3-BF4B-00C04F79EFBC}") = "Custom", "Custom\Custom.csproj", "{CB971CDF-805B-423E-8A06-202A53AF272E}"
EndProject
Global
	GlobalSection(SolutionConfigurationPlatforms) = preSolution
		Debug|Any CPU = Debug|Any CPU
		Debug|x64 = Debug|x64
		Debug|x86 = Debug|x86
		Release|Any CPU = Release|Any CPU
		Release|x64 = Release|x64
		Release|x86 = Release|x86
	EndGlobalSection
	GlobalSection(ProjectConfigurationPlatforms) = postSolution
		{A4246041-CD72-48FD-A42B-1F9267080ABD}.Debug|Any CPU.ActiveCfg = Debug|Any CPU
		{A4246041-CD72-48FD-A42B-1F9267080ABD}.Debug|Any CPU.Build.0 = Debug|Any CPU
		{A4246041-CD72-48FD-A42B-1F9267080ABD}.Debug|x64.ActiveCfg = Debug|Any CPU
		{A4246041-CD72-48FD-A42B-1F9267080ABD}.Debug|x64.Build.0 = Debug|Any CPU
		{A4246041-CD72-48FD-A42B-1F9267080ABD}.Debug|x86.ActiveCfg = Debug|Any CPU
		{A4246041-CD72-48FD-A42B-1F9267080ABD}.Debug|x86.Build.0 = Debug|Any CPU
		{A4246041-CD72-48FD-A42B-1F9267080ABD}.Release|Any CPU.ActiveCfg = Release|Any CPU
		{A4246041-CD72-48FD-A42B-1F9267080ABD}.Release|Any CPU.Build.0 = Release|Any CPU
		{A4246041-CD72-48FD-A42B-1F9267080ABD}.Release|x64.ActiveCfg = Release|Any CPU
		{A4246041-CD72-48FD-A42B-1F9267080ABD}.Release|x64.Build.0 = Release|Any CPU
		{A4246041-CD72-48FD-A42B-1F9267080ABD}.Release|x86.ActiveCfg = Release|Any CPU
		{A4246041-CD72-48FD-A42B-1F9267080ABD}.Release|x86.Build.0 = Release|Any CPU
		{FAEEFACC-BFBD-48F9-BCF4-5A16B0EBF439}.Debug|Any CPU.ActiveCfg = Debug|Any CPU
		{FAEEFACC-BFBD-48F9-BCF4-5A16B0EBF439}.Debug|Any CPU.Build.0 = Debug|Any CPU
		{FAEEFACC-BFBD-48F9-BCF4-5A16B0EBF439}.Debug|x64.ActiveCfg = Debug|Any CPU
		{FAEEFACC-BFBD-48F9-BCF4-5A16B0EBF439}.Debug|x64.Build.0 = Debug|Any CPU
		{FAEEFACC-BFBD-48F9-BCF4-5A16B0EBF439}.Debug|x86.ActiveCfg = Debug|Any CPU
		{FAEEFACC-BFBD-48F9-BCF4-5A16B0EBF439}.Debug|x86.Build.0 = Debug|Any CPU
		{FAEEFACC-BFBD-48F9-BCF4-5A16B0EBF439}.Release|Any CPU.ActiveCfg = Release|Any CPU
		{FAEEFACC-BFBD-48F9-BCF4-5A16B0EBF439}.Release|Any CPU.Build.0 = Release|Any CPU
		{FAEEFACC-BFBD-48F9-BCF4-5A16B0EBF439}.Release|x64.ActiveCfg = Release|Any CPU
		{FAEEFACC-BFBD-48F9-BCF4-5A16B0EBF439}.Release|x64.Build.0 = Release|Any CPU
		{FAEEFACC-BFBD-48F9-BCF4-5A16B0EBF439}.Release|x86.ActiveCfg = Release|Any CPU
		{FAEEFACC-BFBD-48F9-BCF4-5A16B0EBF439}.Release|x86.Build.0 = Release|Any CPU
		{FABE639B-AFEE-4453-A809-6D2C9D1CCA17}.Debug|Any CPU.ActiveCfg = Debug|Any CPU
		{FABE639B-AFEE-4453-A809-6D2C9D1CCA17}.Debug|Any CPU.Build.0 = Debug|Any CPU
		{FABE639B-AFEE-4453-A809-6D2C9D1CCA17}.Debug|x64.ActiveCfg = Debug|Any CPU
		{FABE639B-AFEE-4453-A809-6D2C9D1CCA17}.Debug|x64.Build.0 = Debug|Any CPU
		{FABE639B-AFEE-4453-A809-6D2C9D1CCA17}.Debug|x86.ActiveCfg = Debug|Any CPU
		{FABE639B-AFEE-4453-A809-6D2C9D1CCA17}.Debug|x86.Build.0 = Debug|Any CPU
		{FABE639B-AFEE-4453-A809-6D2C9D1CCA17}.Release|Any CPU.ActiveCfg = Release|Any CPU
		{FABE639B-AFEE-4453-A809-6D2C9D1CCA17}.Release|Any CPU.Build.0 = Release|Any CPU
		{FABE639B-AFEE-4453-A809-6D2C9D1CCA17}.Release|x64.ActiveCfg = Release|Any CPU
		{FABE639B-AFEE-4453-A809-6D2C9D1CCA17}.Release|x64.Build.0 = Release|Any CPU
		{FABE639B-AFEE-4453-A809-6D2C9D1CCA17}.Release|x86.ActiveCfg = Release|Any CPU
		{FABE639B-AFEE-4453-A809-6D2C9D1CCA17}.Release|x86.Build.0 = Release|Any CPU
		{BF265A38-C930-4352-BD37-85E016F52EE7}.Debug|Any CPU.ActiveCfg = Debug|Any CPU
		{BF265A38-C930-4352-BD37-85E016F52EE7}.Debug|Any CPU.Build.0 = Debug|Any CPU
		{BF265A38-C930-4352-BD37-85E016F52EE7}.Debug|x64.ActiveCfg = Debug|Any CPU
		{BF265A38-C930-4352-BD37-85E016F52EE7}.Debug|x64.Build.0 = Debug|Any CPU
		{BF265A38-C930-4352-BD37-85E016F52EE7}.Debug|x86.ActiveCfg = Debug|Any CPU
		{BF265A38-C930-4352-BD37-85E016F52EE7}.Debug|x86.Build.0 = Debug|Any CPU
		{BF265A38-C930-4352-BD37-85E016F52EE7}.Release|Any CPU.ActiveCfg = Release|Any CPU
		{BF265A38-C930-4352-BD37-85E016F52EE7}.Release|Any CPU.Build.0 = Release|Any CPU
		{BF265A38-C930-4352-BD37-85E016F52EE7}.Release|x64.ActiveCfg = Release|Any CPU
		{BF265A38-C930-4352-BD37-85E016F52EE7}.Release|x64.Build.0 = Release|Any CPU
		{BF265A38-C930-4352-BD37-85E016F52EE7}.Release|x86.ActiveCfg = Release|Any CPU
		{BF265A38-C930-4352-BD37-85E016F52EE7}.Release|x86.Build.0 = Release|Any CPU
		{CB971CDF-805B-423E-8A06-202A53AF272E}.Debug|Any CPU.ActiveCfg = Debug|Any CPU
		{CB971CDF-805B-423E-8A06-202A53AF272E}.Debug|Any CPU.Build.0 = Debug|Any CPU
		{CB971CDF-805B-423E-8A06-202A53AF272E}.Debug|x64.ActiveCfg = Debug|Any CPU
		{CB971CDF-805B-423E-8A06-202A53AF272E}.Debug|x64.Build.0 = Debug|Any CPU
		{CB971CDF-805B-423E-8A06-202A53AF272E}.Debug|x86.ActiveCfg = Debug|Any CPU
		{CB971CDF-805B-423E-8A06-202A53AF272E}.Debug|x86.Build.0 = Debug|Any CPU
		{CB971CDF-805B-423E-8A06-202A53AF272E}.Release|Any CPU.ActiveCfg = Release|Any CPU
		{CB971CDF-805B-423E-8A06-202A53AF272E}.Release|Any CPU.Build.0 = Release|Any CPU
		{CB971CDF-805B-423E-8A06-202A53AF272E}.Release|x64.ActiveCfg = Release|Any CPU
		{CB971CDF-805B-423E-8A06-202A53AF272E}.Release|x64.Build.0 = Release|Any CPU
		{CB971CDF-805B-423E-8A06-202A53AF272E}.Release|x86.ActiveCfg = Release|Any CPU
		{CB971CDF-805B-423E-8A06-202A53AF272E}.Release|x86.Build.0 = Release|Any CPU
	EndGlobalSection
	GlobalSection(SolutionProperties) = preSolution
		HideSolutionNode = FALSE
	EndGlobalSection
	GlobalSection(ExtensibilityGlobals) = postSolution
		SolutionGuid = {FB980CAE-291A-426B-81D8-26B2912F1BAB}
	EndGlobalSection
EndGlobal
